
Microsoft Visual Studio Solution File, Format Version 12.00
# Visual Studio Version 17
VisualStudioVersion = 17.14.36310.24 d17.14
MinimumVisualStudioVersion = 10.0.40219.1
Project("{FAE04EC0-301F-11D3-BF4B-00C04F79EFBC}") = "SistemaComedorRegina", "SistemaComedorRegina.csproj", "{36453DC0-927D-4FA3-BE14-BA4668D17CE8}"
EndProject
Project("{FAE04EC0-301F-11D3-BF4B-00C04F79EFBC}") = "SistemaComedorRegina.Domain", "..\SistemaComedorRegina.Client\SistemaComedorRegina.Domain.csproj", "{92C964CE-855C-4AD8-ACE6-1C01BB55023C}"
EndProject
Global
	GlobalSection(SolutionConfigurationPlatforms) = preSolution
		Debug|Any CPU = Debug|Any CPU
		Release|Any CPU = Release|Any CPU
	EndGlobalSection
	GlobalSection(ProjectConfigurationPlatforms) = postSolution
		{36453DC0-927D-4FA3-BE14-BA4668D17CE8}.Debug|Any CPU.ActiveCfg = Debug|Any CPU
		{36453DC0-927D-4FA3-BE14-BA4668D17CE8}.Debug|Any CPU.Build.0 = Debug|Any CPU
		{36453DC0-927D-4FA3-BE14-BA4668D17CE8}.Release|Any CPU.ActiveCfg = Release|Any CPU
		{36453DC0-927D-4FA3-BE14-BA4668D17CE8}.Release|Any CPU.Build.0 = Release|Any CPU
		{92C964CE-855C-4AD8-ACE6-1C01BB55023C}.Debug|Any CPU.ActiveCfg = Debug|Any CPU
		{92C964CE-855C-4AD8-ACE6-1C01BB55023C}.Debug|Any CPU.Build.0 = Debug|Any CPU
		{92C964CE-855C-4AD8-ACE6-1C01BB55023C}.Release|Any CPU.ActiveCfg = Release|Any CPU
		{92C964CE-855C-4AD8-ACE6-1C01BB55023C}.Release|Any CPU.Build.0 = Release|Any CPU
	EndGlobalSection
	GlobalSection(SolutionProperties) = preSolution
		HideSolutionNode = FALSE
	EndGlobalSection
	GlobalSection(ExtensibilityGlobals) = postSolution
		SolutionGuid = {4794FB0E-0EC2-4666-8479-CD9E3738F844}
	EndGlobalSection
EndGlobal
